
Microsoft Visual Studio Solution File, Format Version 12.00
# Visual Studio Version 17
VisualStudioVersion = 17.10.35013.160
MinimumVisualStudioVersion = 10.0.40219.1
Project("{FAE04EC0-301F-11D3-BF4B-00C04F79EFBC}") = "Topic - 8 - Lists Assignment", "Topic - 8 - Lists Assignment\Topic - 8 - Lists Assignment.csproj", "{9A6E1ED1-9A93-417B-90AC-2B7BCB47C249}"
EndProject
Global
	GlobalSection(SolutionConfigurationPlatforms) = preSolution
		Debug|Any CPU = Debug|Any CPU
		Release|Any CPU = Release|Any CPU
	EndGlobalSection
	GlobalSection(ProjectConfigurationPlatforms) = postSolution
		{9A6E1ED1-9A93-417B-90AC-2B7BCB47C249}.Debug|Any CPU.ActiveCfg = Debug|Any CPU
		{9A6E1ED1-9A93-417B-90AC-2B7BCB47C249}.Debug|Any CPU.Build.0 = Debug|Any CPU
		{9A6E1ED1-9A93-417B-90AC-2B7BCB47C249}.Release|Any CPU.ActiveCfg = Release|Any CPU
		{9A6E1ED1-9A93-417B-90AC-2B7BCB47C249}.Release|Any CPU.Build.0 = Release|Any CPU
	EndGlobalSection
	GlobalSection(SolutionProperties) = preSolution
		HideSolutionNode = FALSE
	EndGlobalSection
	GlobalSection(ExtensibilityGlobals) = postSolution
		SolutionGuid = {7D9C37EE-3C1B-447B-99E0-AF4015DEF333}
	EndGlobalSection
EndGlobal
